// !$*UTF8*$!
{
	archiveVersion = 1;
	classes = {
	};
	objectVersion = 46;
	objects = {

/* Begin PBXBuildFile section */
		F8161ABF1A34DEF900E64FF7 /* main.m in Sources */ = {isa = PBXBuildFile; fileRef = F8161ABE1A34DEF900E64FF7 /* main.m */; };
		F8161AC21A34DEF900E64FF7 /* SYAppDelegate.m in Sources */ = {isa = PBXBuildFile; fileRef = F8161AC11A34DEF900E64FF7 /* SYAppDelegate.m */; };
		F8161AC51A34DEF900E64FF7 /* SYViewController.m in Sources */ = {isa = PBXBuildFile; fileRef = F8161AC41A34DEF900E64FF7 /* SYViewController.m */; };
		F8161AD91A34DEF900E64FF7 /* SYRoundedViewExampleTests.m in Sources */ = {isa = PBXBuildFile; fileRef = F8161AD81A34DEF900E64FF7 /* SYRoundedViewExampleTests.m */; };
		F8161AE31A34DF7300E64FF7 /* Default-568h@2x.png in Resources */ = {isa = PBXBuildFile; fileRef = F8161AE21A34DF7300E64FF7 /* Default-568h@2x.png */; };
		F8161AE71A34DFF900E64FF7 /* SYRoundedView.m in Sources */ = {isa = PBXBuildFile; fileRef = F8161AE61A34DFF900E64FF7 /* SYRoundedView.m */; };
/* End PBXBuildFile section */

/* Begin PBXContainerItemProxy section */
		F8161AD31A34DEF900E64FF7 /* PBXContainerItemProxy */ = {
			isa = PBXContainerItemProxy;
			containerPortal = F8161AB11A34DEF900E64FF7 /* Project object */;
			proxyType = 1;
			remoteGlobalIDString = F8161AB81A34DEF900E64FF7;
			remoteInfo = SYRoundedViewExample;
		};
/* End PBXContainerItemProxy section */

/* Begin PBXFileReference section */
		F8161AB91A34DEF900E64FF7 /* SYRoundedViewExample.app */ = {isa = PBXFileReference; explicitFileType = wrapper.application; includeInIndex = 0; path = SYRoundedViewExample.app; sourceTree = BUILT_PRODUCTS_DIR; };
		F8161ABD1A34DEF900E64FF7 /* Info.plist */ = {isa = PBXFileReference; lastKnownFileType = text.plist.xml; path = Info.plist; sourceTree = "<group>"; };
		F8161ABE1A34DEF900E64FF7 /* main.m */ = {isa = PBXFileReference; lastKnownFileType = sourcecode.c.objc; path = main.m; sourceTree = "<group>"; };
		F8161AC01A34DEF900E64FF7 /* SYAppDelegate.h */ = {isa = PBXFileReference; lastKnownFileType = sourcecode.c.h; path = SYAppDelegate.h; sourceTree = "<group>"; };
		F8161AC11A34DEF900E64FF7 /* SYAppDelegate.m */ = {isa = PBXFileReference; lastKnownFileType = sourcecode.c.objc; path = SYAppDelegate.m; sourceTree = "<group>"; };
		F8161AC31A34DEF900E64FF7 /* SYViewController.h */ = {isa = PBXFileReference; lastKnownFileType = sourcecode.c.h; path = SYViewController.h; sourceTree = "<group>"; };
		F8161AC41A34DEF900E64FF7 /* SYViewController.m */ = {isa = PBXFileReference; lastKnownFileType = sourcecode.c.objc; path = SYViewController.m; sourceTree = "<group>"; };
		F8161AD21A34DEF900E64FF7 /* SYRoundedViewExampleTests.xctest */ = {isa = PBXFileReference; explicitFileType = wrapper.cfbundle; includeInIndex = 0; path = SYRoundedViewExampleTests.xctest; sourceTree = BUILT_PRODUCTS_DIR; };
		F8161AD71A34DEF900E64FF7 /* Info.plist */ = {isa = PBXFileReference; lastKnownFileType = text.plist.xml; path = Info.plist; sourceTree = "<group>"; };
		F8161AD81A34DEF900E64FF7 /* SYRoundedViewExampleTests.m */ = {isa = PBXFileReference; lastKnownFileType = sourcecode.c.objc; path = SYRoundedViewExampleTests.m; sourceTree = "<group>"; };
		F8161AE21A34DF7300E64FF7 /* Default-568h@2x.png */ = {isa = PBXFileReference; lastKnownFileType = image.png; path = "Default-568h@2x.png"; sourceTree = "<group>"; };
		F8161AE51A34DFF900E64FF7 /* SYRoundedView.h */ = {isa = PBXFileReference; fileEncoding = 4; lastKnownFileType = sourcecode.c.h; path = SYRoundedView.h; sourceTree = "<group>"; };
		F8161AE61A34DFF900E64FF7 /* SYRoundedView.m */ = {isa = PBXFileReference; fileEncoding = 4; lastKnownFileType = sourcecode.c.objc; path = SYRoundedView.m; sourceTree = "<group>"; };
/* End PBXFileReference section */

/* Begin PBXFrameworksBuildPhase section */
		F8161AB61A34DEF900E64FF7 /* Frameworks */ = {
			isa = PBXFrameworksBuildPhase;
			buildActionMask = 2147483647;
			files = (
			);
			runOnlyForDeploymentPostprocessing = 0;
		};
		F8161ACF1A34DEF900E64FF7 /* Frameworks */ = {
			isa = PBXFrameworksBuildPhase;
			buildActionMask = 2147483647;
			files = (
			);
			runOnlyForDeploymentPostprocessing = 0;
		};
/* End PBXFrameworksBuildPhase section */

/* Begin PBXGroup section */
		F8161AB01A34DEF900E64FF7 = {
			isa = PBXGroup;
			children = (
				F8161AE21A34DF7300E64FF7 /* Default-568h@2x.png */,
				F8161AE41A34DFE400E64FF7 /* SYRoundedView */,
				F8161ABB1A34DEF900E64FF7 /* SYRoundedViewExample */,
				F8161AD51A34DEF900E64FF7 /* SYRoundedViewExampleTests */,
				F8161ABA1A34DEF900E64FF7 /* Products */,
			);
			sourceTree = "<group>";
		};
		F8161ABA1A34DEF900E64FF7 /* Products */ = {
			isa = PBXGroup;
			children = (
				F8161AB91A34DEF900E64FF7 /* SYRoundedViewExample.app */,
				F8161AD21A34DEF900E64FF7 /* SYRoundedViewExampleTests.xctest */,
			);
			name = Products;
			sourceTree = "<group>";
		};
		F8161ABB1A34DEF900E64FF7 /* SYRoundedViewExample */ = {
			isa = PBXGroup;
			children = (
				F8161AC01A34DEF900E64FF7 /* SYAppDelegate.h */,
				F8161AC11A34DEF900E64FF7 /* SYAppDelegate.m */,
				F8161AC31A34DEF900E64FF7 /* SYViewController.h */,
				F8161AC41A34DEF900E64FF7 /* SYViewController.m */,
				F8161ABC1A34DEF900E64FF7 /* Supporting Files */,
			);
			path = SYRoundedViewExample;
			sourceTree = "<group>";
		};
		F8161ABC1A34DEF900E64FF7 /* Supporting Files */ = {
			isa = PBXGroup;
			children = (
				F8161ABD1A34DEF900E64FF7 /* Info.plist */,
				F8161ABE1A34DEF900E64FF7 /* main.m */,
			);
			name = "Supporting Files";
			sourceTree = "<group>";
		};
		F8161AD51A34DEF900E64FF7 /* SYRoundedViewExampleTests */ = {
			isa = PBXGroup;
			children = (
				F8161AD81A34DEF900E64FF7 /* SYRoundedViewExampleTests.m */,
				F8161AD61A34DEF900E64FF7 /* Supporting Files */,
			);
			path = SYRoundedViewExampleTests;
			sourceTree = "<group>";
		};
		F8161AD61A34DEF900E64FF7 /* Supporting Files */ = {
			isa = PBXGroup;
			children = (
				F8161AD71A34DEF900E64FF7 /* Info.plist */,
			);
			name = "Supporting Files";
			sourceTree = "<group>";
		};
		F8161AE41A34DFE400E64FF7 /* SYRoundedView */ = {
			isa = PBXGroup;
			children = (
				F8161AE51A34DFF900E64FF7 /* SYRoundedView.h */,
				F8161AE61A34DFF900E64FF7 /* SYRoundedView.m */,
			);
			path = SYRoundedView;
			sourceTree = "<group>";
		};
/* End PBXGroup section */

/* Begin PBXNativeTarget section */
		F8161AB81A34DEF900E64FF7 /* SYRoundedViewExample */ = {
			isa = PBXNativeTarget;
			buildConfigurationList = F8161ADC1A34DEF900E64FF7 /* Build configuration list for PBXNativeTarget "SYRoundedViewExample" */;
			buildPhases = (
				F8161AB51A34DEF900E64FF7 /* Sources */,
				F8161AB61A34DEF900E64FF7 /* Frameworks */,
				F8161AB71A34DEF900E64FF7 /* Resources */,
			);
			buildRules = (
			);
			dependencies = (
			);
			name = SYRoundedViewExample;
			productName = SYRoundedViewExample;
			productReference = F8161AB91A34DEF900E64FF7 /* SYRoundedViewExample.app */;
			productType = "com.apple.product-type.application";
		};
		F8161AD11A34DEF900E64FF7 /* SYRoundedViewExampleTests */ = {
			isa = PBXNativeTarget;
			buildConfigurationList = F8161ADF1A34DEF900E64FF7 /* Build configuration list for PBXNativeTarget "SYRoundedViewExampleTests" */;
			buildPhases = (
				F8161ACE1A34DEF900E64FF7 /* Sources */,
				F8161ACF1A34DEF900E64FF7 /* Frameworks */,
				F8161AD01A34DEF900E64FF7 /* Resources */,
			);
			buildRules = (
			);
			dependencies = (
				F8161AD41A34DEF900E64FF7 /* PBXTargetDependency */,
			);
			name = SYRoundedViewExampleTests;
			productName = SYRoundedViewExampleTests;
			productReference = F8161AD21A34DEF900E64FF7 /* SYRoundedViewExampleTests.xctest */;
			productType = "com.apple.product-type.bundle.unit-test";
		};
/* End PBXNativeTarget section */

/* Begin PBXProject section */
		F8161AB11A34DEF900E64FF7 /* Project object */ = {
			isa = PBXProject;
			attributes = {
				CLASSPREFIX = SY;
				LastUpgradeCheck = 0610;
				ORGANIZATIONNAME = Syan.me;
				TargetAttributes = {
					F8161AB81A34DEF900E64FF7 = {
						CreatedOnToolsVersion = 6.1;
					};
					F8161AD11A34DEF900E64FF7 = {
						CreatedOnToolsVersion = 6.1;
						TestTargetID = F8161AB81A34DEF900E64FF7;
					};
				};
			};
			buildConfigurationList = F8161AB41A34DEF900E64FF7 /* Build configuration list for PBXProject "SYRoundedViewExample" */;
			compatibilityVersion = "Xcode 3.2";
			developmentRegion = English;
			hasScannedForEncodings = 0;
			knownRegions = (
				en,
				Base,
			);
			mainGroup = F8161AB01A34DEF900E64FF7;
			productRefGroup = F8161ABA1A34DEF900E64FF7 /* Products */;
			projectDirPath = "";
			projectRoot = "";
			targets = (
				F8161AB81A34DEF900E64FF7 /* SYRoundedViewExample */,
				F8161AD11A34DEF900E64FF7 /* SYRoundedViewExampleTests */,
			);
		};
/* End PBXProject section */

/* Begin PBXResourcesBuildPhase section */
		F8161AB71A34DEF900E64FF7 /* Resources */ = {
			isa = PBXResourcesBuildPhase;
			buildActionMask = 2147483647;
			files = (
				F8161AE31A34DF7300E64FF7 /* Default-568h@2x.png in Resources */,
			);
			runOnlyForDeploymentPostprocessing = 0;
		};
		F8161AD01A34DEF900E64FF7 /* Resources */ = {
			isa = PBXResourcesBuildPhase;
			buildActionMask = 2147483647;
			files = (
			);
			runOnlyForDeploymentPostprocessing = 0;
		};
/* End PBXResourcesBuildPhase section */

/* Begin PBXSourcesBuildPhase section */
		F8161AB51A34DEF900E64FF7 /* Sources */ = {
			isa = PBXSourcesBuildPhase;
			buildActionMask = 2147483647;
			files = (
				F8161AC51A34DEF900E64FF7 /* SYViewController.m in Sources */,
				F8161AC21A34DEF900E64FF7 /* SYAppDelegate.m in Sources */,
				F8161AE71A34DFF900E64FF7 /* SYRoundedView.m in Sources */,
				F8161ABF1A34DEF900E64FF7 /* main.m in Sources */,
			);
			runOnlyForDeploymentPostprocessing = 0;
		};
		F8161ACE1A34DEF900E64FF7 /* Sources */ = {
			isa = PBXSourcesBuildPhase;
			buildActionMask = 2147483647;
			files = (
				F8161AD91A34DEF900E64FF7 /* SYRoundedViewExampleTests.m in Sources */,
			);
			runOnlyForDeploymentPostprocessing = 0;
		};
/* End PBXSourcesBuildPhase section */

/* Begin PBXTargetDependency section */
		F8161AD41A34DEF900E64FF7 /* PBXTargetDependency */ = {
			isa = PBXTargetDependency;
			target = F8161AB81A34DEF900E64FF7 /* SYRoundedViewExample */;
			targetProxy = F8161AD31A34DEF900E64FF7 /* PBXContainerItemProxy */;
		};
/* End PBXTargetDependency section */

/* Begin XCBuildConfiguration section */
		F8161ADA1A34DEF900E64FF7 /* Debug */ = {
			isa = XCBuildConfiguration;
			buildSettings = {
				ALWAYS_SEARCH_USER_PATHS = NO;
				CLANG_CXX_LANGUAGE_STANDARD = "gnu++0x";
				CLANG_CXX_LIBRARY = "libc++";
				CLANG_ENABLE_MODULES = YES;
				CLANG_ENABLE_OBJC_ARC = YES;
				CLANG_WARN_BOOL_CONVERSION = YES;
				CLANG_WARN_CONSTANT_CONVERSION = YES;
				CLANG_WARN_DIRECT_OBJC_ISA_USAGE = YES_ERROR;
				CLANG_WARN_EMPTY_BODY = YES;
				CLANG_WARN_ENUM_CONVERSION = YES;
				CLANG_WARN_INT_CONVERSION = YES;
				CLANG_WARN_OBJC_ROOT_CLASS = YES_ERROR;
				CLANG_WARN_UNREACHABLE_CODE = YES;
				CLANG_WARN__DUPLICATE_METHOD_MATCH = YES;
				"CODE_SIGN_IDENTITY[sdk=iphoneos*]" = "iPhone Developer";
				COPY_PHASE_STRIP = NO;
				ENABLE_STRICT_OBJC_MSGSEND = YES;
				GCC_C_LANGUAGE_STANDARD = gnu99;
				GCC_DYNAMIC_NO_PIC = NO;
				GCC_OPTIMIZATION_LEVEL = 0;
				GCC_PREPROCESSOR_DEFINITIONS = (
					"DEBUG=1",
					"$(inherited)",
				);
				GCC_SYMBOLS_PRIVATE_EXTERN = NO;
				GCC_WARN_64_TO_32_BIT_CONVERSION = YES;
				GCC_WARN_ABOUT_RETURN_TYPE = YES_ERROR;
				GCC_WARN_UNDECLARED_SELECTOR = YES;
				GCC_WARN_UNINITIALIZED_AUTOS = YES_AGGRESSIVE;
				GCC_WARN_UNUSED_FUNCTION = YES;
				GCC_WARN_UNUSED_VARIABLE = YES;
				IPHONEOS_DEPLOYMENT_TARGET = 8.1;
				MTL_ENABLE_DEBUG_INFO = YES;
				ONLY_ACTIVE_ARCH = YES;
				SDKROOT = iphoneos;
				TARGETED_DEVICE_FAMILY = "1,2";
			};
			name = Debug;
		};
		F8161ADB1A34DEF900E64FF7 /* Release */ = {
			isa = XCBuildConfiguration;
			buildSettings = {
				ALWAYS_SEARCH_USER_PATHS = NO;
				CLANG_CXX_LANGUAGE_STANDARD = "gnu++0x";
				CLANG_CXX_LIBRARY = "libc++";
				CLANG_ENABLE_MODULES = YES;
				CLANG_ENABLE_OBJC_ARC = YES;
				CLANG_WARN_BOOL_CONVERSION = YES;
				CLANG_WARN_CONSTANT_CONVERSION = YES;
				CLANG_WARN_DIRECT_OBJC_ISA_USAGE = YES_ERROR;
				CLANG_WARN_EMPTY_BODY = YES;
				CLANG_WARN_ENUM_CONVERSION = YES;
				CLANG_WARN_INT_CONVERSION = YES;
				CLANG_WARN_OBJC_ROOT_CLASS = YES_ERROR;
				CLANG_WARN_UNREACHABLE_CODE = YES;
				CLANG_WARN__DUPLICATE_METHOD_MATCH = YES;
				"CODE_SIGN_IDENTITY[sdk=iphoneos*]" = "iPhone Developer";
				COPY_PHASE_STRIP = YES;
				ENABLE_NS_ASSERTIONS = NO;
				ENABLE_STRICT_OBJC_MSGSEND = YES;
				GCC_C_LANGUAGE_STANDARD = gnu99;
				GCC_WARN_64_TO_32_BIT_CONVERSION = YES;
				GCC_WARN_ABOUT_RETURN_TYPE = YES_ERROR;
				GCC_WARN_UNDECLARED_SELECTOR = YES;
				GCC_WARN_UNINITIALIZED_AUTOS = YES_AGGRESSIVE;
				GCC_WARN_UNUSED_FUNCTION = YES;
				GCC_WARN_UNUSED_VARIABLE = YES;
				IPHONEOS_DEPLOYMENT_TARGET = 8.1;
				MTL_ENABLE_DEBUG_INFO = NO;
				SDKROOT = iphoneos;
				TARGETED_DEVICE_FAMILY = "1,2";
				VALIDATE_PRODUCT = YES;
			};
			name = Release;
		};
		F8161ADD1A34DEF900E64FF7 /* Debug */ = {
			isa = XCBuildConfiguration;
			buildSettings = {
				ASSETCATALOG_COMPILER_APPICON_NAME = AppIcon;
				INFOPLIST_FILE = SYRoundedViewExample/Info.plist;
				IPHONEOS_DEPLOYMENT_TARGET = 5.1.1;
				LD_RUNPATH_SEARCH_PATHS = "$(inherited) @executable_path/Frameworks";
				PRODUCT_NAME = "$(TARGET_NAME)";
			};
			name = Debug;
		};
		F8161ADE1A34DEF900E64FF7 /* Release */ = {
			isa = XCBuildConfiguration;
			buildSettings = {
				ASSETCATALOG_COMPILER_APPICON_NAME = AppIcon;
				INFOPLIST_FILE = SYRoundedViewExample/Info.plist;
				IPHONEOS_DEPLOYMENT_TARGET = 5.1.1;
				LD_RUNPATH_SEARCH_PATHS = "$(inherited) @executable_path/Frameworks";
				PRODUCT_NAME = "$(TARGET_NAME)";
			};
			name = Release;
		};
		F8161AE01A34DEF900E64FF7 /* Debug */ = {
			isa = XCBuildConfiguration;
			buildSettings = {
				BUNDLE_LOADER = "$(TEST_HOST)";
				FRAMEWORK_SEARCH_PATHS = (
					"$(SDKROOT)/Developer/Library/Frameworks",
					"$(inherited)",
				);
				GCC_PREPROCESSOR_DEFINITIONS = (
					"DEBUG=1",
					"$(inherited)",
				);
				INFOPLIST_FILE = SYRoundedViewExampleTests/Info.plist;
				LD_RUNPATH_SEARCH_PATHS = "$(inherited) @executable_path/Frameworks @loader_path/Frameworks";
				PRODUCT_NAME = "$(TARGET_NAME)";
				TEST_HOST = "$(BUILT_PRODUCTS_DIR)/SYRoundedViewExample.app/SYRoundedViewExample";
			};
			name = Debug;
		};
		F8161AE11A34DEF900E64FF7 /* Release */ = {
			isa = XCBuildConfiguration;
			buildSettings = {
				BUNDLE_LOADER = "$(TEST_HOST)";
				FRAMEWORK_SEARCH_PATHS = (
					"$(SDKROOT)/Developer/Library/Frameworks",
					"$(inherited)",
				);
				INFOPLIST_FILE = SYRoundedViewExampleTests/Info.plist;
				LD_RUNPATH_SEARCH_PATHS = "$(inherited) @executable_path/Frameworks @loader_path/Frameworks";
				PRODUCT_NAME = "$(TARGET_NAME)";
				TEST_HOST = "$(BUILT_PRODUCTS_DIR)/SYRoundedViewExample.app/SYRoundedViewExample";
			};
			name = Release;
		};
/* End XCBuildConfiguration section */

/* Begin XCConfigurationList section */
		F8161AB41A34DEF900E64FF7 /* Build configuration list for PBXProject "SYRoundedViewExample" */ = {
			isa = XCConfigurationList;
			buildConfigurations = (
				F8161ADA1A34DEF900E64FF7 /* Debug */,
				F8161ADB1A34DEF900E64FF7 /* Release */,
			);
			defaultConfigurationIsVisible = 0;
			defaultConfigurationName = Release;
		};
		F8161ADC1A34DEF900E64FF7 /* Build configuration list for PBXNativeTarget "SYRoundedViewExample" */ = {
			isa = XCConfigurationList;
			buildConfigurations = (
				F8161ADD1A34DEF900E64FF7 /* Debug */,
				F8161ADE1A34DEF900E64FF7 /* Release */,
			);
			defaultConfigurationIsVisible = 0;
		};
		F8161ADF1A34DEF900E64FF7 /* Build configuration list for PBXNativeTarget "SYRoundedViewExampleTests" */ = {
			isa = XCConfigurationList;
			buildConfigurations = (
				F8161AE01A34DEF900E64FF7 /* Debug */,
				F8161AE11A34DEF900E64FF7 /* Release */,
			);
			defaultConfigurationIsVisible = 0;
		};
/* End XCConfigurationList section */
	};
	rootObject = F8161AB11A34DEF900E64FF7 /* Project object */;
}
